
Microsoft Visual Studio Solution File, Format Version 12.00
# Visual Studio Version 17
VisualStudioVersion = 17.5.33424.131
MinimumVisualStudioVersion = 10.0.40219.1
Project("{54A90642-561A-4BB1-A94E-469ADEE60C69}") = "vueapp", "vueapp\vueapp.esproj", "{90991B21-54EA-4E7D-95CE-AF9CAA712D6B}"
EndProject
Project("{9A19103F-16F7-4668-BE54-9A1E7A4F7556}") = "webapi", "webapi\webapi.csproj", "{7CE3FD56-48CB-4D70-8D2F-FD010490BF67}"
EndProject
Global
	GlobalSection(SolutionConfigurationPlatforms) = preSolution
		Debug|Any CPU = Debug|Any CPU
		Release|Any CPU = Release|Any CPU
	EndGlobalSection
	GlobalSection(ProjectConfigurationPlatforms) = postSolution
		{90991B21-54EA-4E7D-95CE-AF9CAA712D6B}.Debug|Any CPU.ActiveCfg = Debug|Any CPU
		{90991B21-54EA-4E7D-95CE-AF9CAA712D6B}.Debug|Any CPU.Build.0 = Debug|Any CPU
		{90991B21-54EA-4E7D-95CE-AF9CAA712D6B}.Debug|Any CPU.Deploy.0 = Debug|Any CPU
		{90991B21-54EA-4E7D-95CE-AF9CAA712D6B}.Release|Any CPU.ActiveCfg = Release|Any CPU
		{90991B21-54EA-4E7D-95CE-AF9CAA712D6B}.Release|Any CPU.Build.0 = Release|Any CPU
		{90991B21-54EA-4E7D-95CE-AF9CAA712D6B}.Release|Any CPU.Deploy.0 = Release|Any CPU
		{7CE3FD56-48CB-4D70-8D2F-FD010490BF67}.Debug|Any CPU.ActiveCfg = Debug|Any CPU
		{7CE3FD56-48CB-4D70-8D2F-FD010490BF67}.Debug|Any CPU.Build.0 = Debug|Any CPU
		{7CE3FD56-48CB-4D70-8D2F-FD010490BF67}.Release|Any CPU.ActiveCfg = Release|Any CPU
		{7CE3FD56-48CB-4D70-8D2F-FD010490BF67}.Release|Any CPU.Build.0 = Release|Any CPU
	EndGlobalSection
	GlobalSection(SolutionProperties) = preSolution
		HideSolutionNode = FALSE
	EndGlobalSection
	GlobalSection(ExtensibilityGlobals) = postSolution
		SolutionGuid = {5EBA3C0A-CB0E-4D04-8415-3D6F5A89B3A2}
	EndGlobalSection
EndGlobal
